
Microsoft Visual Studio Solution File, Format Version 12.00
# Visual Studio 15
VisualStudioVersion = 15.0.28307.168
MinimumVisualStudioVersion = 10.0.40219.1
Project("{FAE04EC0-301F-11D3-BF4B-00C04F79EFBC}") = "CodeGeneratorWebApplication", "WebApplication1\CodeGeneratorWebApplication.csproj", "{478AB250-F61E-4EC4-828E-D4E2ADAFFB90}"
EndProject
Global
	GlobalSection(SolutionConfigurationPlatforms) = preSolution
		Debug|Any CPU = Debug|Any CPU
		Release|Any CPU = Release|Any CPU
	EndGlobalSection
	GlobalSection(ProjectConfigurationPlatforms) = postSolution
		{478AB250-F61E-4EC4-828E-D4E2ADAFFB90}.Debug|Any CPU.ActiveCfg = Debug|Any CPU
		{478AB250-F61E-4EC4-828E-D4E2ADAFFB90}.Debug|Any CPU.Build.0 = Debug|Any CPU
		{478AB250-F61E-4EC4-828E-D4E2ADAFFB90}.Release|Any CPU.ActiveCfg = Release|Any CPU
		{478AB250-F61E-4EC4-828E-D4E2ADAFFB90}.Release|Any CPU.Build.0 = Release|Any CPU
	EndGlobalSection
	GlobalSection(SolutionProperties) = preSolution
		HideSolutionNode = FALSE
	EndGlobalSection
	GlobalSection(ExtensibilityGlobals) = postSolution
		SolutionGuid = {0C4C4CA9-63DF-4A61-B9F4-B985674A0899}
	EndGlobalSection
EndGlobal
